lockfileVersion: '9.0'

settings:
  autoInstallPeers: true
  excludeLinksFromLockfile: false

importers:

  .:
    dependencies:
      '@sphereon/did-resolver-jwk':
        specifier: 0.10.2-unstable.5
        version: 0.10.2-unstable.5
      '@tanglelabs/ssimon':
        specifier: 0.8.4
        version: 0.8.4
      '@types/elliptic':
        specifier: ^6.4.18
        version: 6.4.18
      base64url:
        specifier: ^3.0.1
        version: 3.0.1
      did-jwt:
        specifier: ^7.2.6
        version: 7.4.7
      did-jwt-vc:
        specifier: ^3.2.6
        version: 3.2.15
      did-resolver:
        specifier: ^4.1.0
        version: 4.1.0
      eckey-utils:
        specifier: ^0.7.14
        version: 0.7.14
      elliptic:
        specifier: ^6.5.6
        version: 6.5.6
      fix-esm-import-path:
        specifier: ^1.5.0
        version: 1.5.0
      jose:
        specifier: ^5.6.3
        version: 5.6.3
      jsonschema:
        specifier: ^1.4.1
        version: 1.4.1
      key-did-resolver:
        specifier: ^3.0.0
        version: 3.0.0
      pg:
        specifier: ^8.12.0
        version: 8.12.0
    devDependencies:
      '@types/node':
        specifier: ^20.5.7
        version: 20.12.5
      ts-node:
        specifier: ^10.9.1
        version: 10.9.2(@types/node@20.12.5)(typescript@5.4.4)
      typescript:
        specifier: ^5.2.2
        version: 5.4.4

packages:

  '@cspotcode/source-map-support@0.8.1':
    resolution: {integrity: sha512-IchNf6dN4tHoMFIn/7OE8LWZ19Y6q/67Bmf6vnGREv8RSbBVb9LPJxEcnwrcwX6ixSvaiGoomAUvu4YSxXrVgw==}
    engines: {node: '>=12'}

  '@jridgewell/resolve-uri@3.1.2':
    resolution: {integrity: sha512-bRISgCIjP20/tbWSPWMEi54QVPRZExkuD9lJL+UIxUKtwVJA8wW1Trb1jMs1RFXo1CBTNZ/5hpC9QvmKWdopKw==}
    engines: {node: '>=6.0.0'}

  '@jridgewell/sourcemap-codec@1.4.15':
    resolution: {integrity: sha512-eF2rxCRulEKXHTRiDrDy6erMYWqNw4LPdQ8UQA4huuxaQsVeRPFl2oM8oDGxMFhJUWZf9McpLtJasDDZb/Bpeg==}

  '@jridgewell/trace-mapping@0.3.9':
    resolution: {integrity: sha512-3Belt6tdc8bPgAtbcmdtNJlirVoTmEb5e2gC94PnkwEW9jI6CAHUeoG85tjWP5WquqfavoMtMwiG4P926ZKKuQ==}

  '@multiformats/base-x@4.0.1':
    resolution: {integrity: sha512-eMk0b9ReBbV23xXU693TAIrLyeO5iTgBZGSJfpqriG8UkYvr/hC9u9pyMlAakDNHWmbhMZCDs6KQO0jzKD8OTw==}

  '@noble/ciphers@0.4.1':
    resolution: {integrity: sha512-QCOA9cgf3Rc33owG0AYBB9wszz+Ul2kramWN8tXG44Gyciud/tbkEqvxRF/IpqQaBpRBNi9f4jdNxqB2CQCIXg==}

  '@noble/ciphers@0.5.3':
    resolution: {integrity: sha512-B0+6IIHiqEs3BPMT0hcRmHvEj2QHOLu+uwt+tqDDeVd0oyVzh7BPrDcPjRnV1PV/5LaknXJJQvOuRGR0zQJz+w==}

  '@noble/curves@1.4.0':
    resolution: {integrity: sha512-p+4cb332SFCrReJkCYe8Xzm0OWi4Jji5jVdIZRL/PmacmDkFNw6MrrV+gGpiPxLHbV+zKFRywUWbaseT+tZRXg==}

  '@noble/hashes@1.4.0':
    resolution: {integrity: sha512-V1JJ1WTRUqHHrOSh597hURcMqVKVGL/ea3kv0gSnEdsEZ0/+VyPghM1lMNGc00z7CIQorSvbKpuJkxvuHbvdbg==}
    engines: {node: '>= 16'}

  '@scure/base@1.1.6':
    resolution: {integrity: sha512-ok9AWwhcgYuGG3Zfhyqg+zwl+Wn5uE+dwC0NV/2qQkx4dABbb/bx96vWu8NSj+BNjjSjno+JRYRjle1jV08k3g==}

  '@sd-jwt/core@0.9.1':
    resolution: {integrity: sha512-LF4D6S4GCxudFJ6I8maoLzmQ1zEYNsa42W7544VPvtTnLrRJ0D2C3djSUyFLZsoW0/iSJtzQ89W4u1m2uxpreg==}
    engines: {node: '>=18'}

  '@sd-jwt/crypto-nodejs@0.9.1':
    resolution: {integrity: sha512-JVAQVTHcW6nbEwyvtdCHn79RBgeyOwxhwyDGU88n89LS4FFJIKWfg1ywZCK8LiwosIZO4SdYjlOP37fRZJ5YTg==}
    engines: {node: '>=18'}

  '@sd-jwt/decode@0.9.1':
    resolution: {integrity: sha512-pqL1I/ZhdFxfuEPtC5NsfgNoNmYNTzf2EDBrzCOh9GOKjEGlUcAJDCpbAVoQAL4Qj3sCxvzXb9V7wGYIrr43dg==}
    engines: {node: '>=18'}

  '@sd-jwt/jwt-status-list@0.9.1':
    resolution: {integrity: sha512-vdk9LKmhZWNbR3K4MFPwJ/ms04UKpDpxNt+CgTuvP++xgcdgmMj8WPiqxZznNssaPPe5XI+THgFn0w1O7gXTSg==}
    engines: {node: '>=18'}

  '@sd-jwt/present@0.9.1':
    resolution: {integrity: sha512-Ftwn1h2ytAJ7odNeekLs6JpQ/OEPnH4bG93az+6QOjtGl9/Re76kPTj6tp6SUyERFrzmVL9WoRbhaImlhRubag==}
    engines: {node: '>=18'}

  '@sd-jwt/sd-jwt-vc@0.9.1':
    resolution: {integrity: sha512-QIQzBdceJ4LH27Dkzl2XG7xRGVTySN7pLnjYw2Aka7/oAl8DHqbgg3ihCnS6g/TyTlCH+FVy2sixVWngzfr5qA==}
    engines: {node: '>=18'}

  '@sd-jwt/types@0.9.1':
    resolution: {integrity: sha512-/Ylzbpre9HQdBrRSRS3bivFdYtwkLM99Ye6gEZEMsJCb231Z1LKdzvmN35H/335ZV4cFYsT5IVM9PurEl6GoLQ==}
    engines: {node: '>=18'}

  '@sd-jwt/utils@0.9.1':
    resolution: {integrity: sha512-pQ7jf1wn4lVywlCtQGtvxk1YSYilDQnygmMfhwx5f85I2wD4IVR3Vc/QEW9Evo5LFwSf/IkeNi/WUyqoRMaq+Q==}
    engines: {node: '>=18'}

  '@sphereon/did-resolver-jwk@0.10.2-unstable.5':
    resolution: {integrity: sha512-T4+y+ClIc6rEiRw/UyUvLijJa575sJlQZpm9PIpCJocT/ZeFSHoIESb9OkKR47V9cEOn1seeZFPdxS/14Yucgw==}

  '@sphereon/ssi-types@0.9.0':
    resolution: {integrity: sha512-umCr/syNcmvMMbQ+i/r/mwjI1Qw2aFPp9AwBTvTo1ailAVaaJjJGPkkVz1K9/2NZATNdDiQ3A8yGzdVJoKh9pA==}

  '@stablelib/binary@1.0.1':
    resolution: {integrity: sha512-ClJWvmL6UBM/wjkvv/7m5VP3GMr9t0osr4yVgLZsLCOz4hGN9gIAFEqnJ0TsSMAN+n840nf2cHZnA5/KFqHC7Q==}

  '@stablelib/ed25519@1.0.3':
    resolution: {integrity: sha512-puIMWaX9QlRsbhxfDc5i+mNPMY+0TmQEskunY1rZEBPi1acBCVQAhnsk/1Hk50DGPtVsZtAWQg4NHGlVaO9Hqg==}

  '@stablelib/hash@1.0.1':
    resolution: {integrity: sha512-eTPJc/stDkdtOcrNMZ6mcMK1e6yBbqRBaNW55XA1jU8w/7QdnCF0CmMmOD1m7VSkBR44PWrMHU2l6r8YEQHMgg==}

  '@stablelib/int@1.0.1':
    resolution: {integrity: sha512-byr69X/sDtDiIjIV6m4roLVWnNNlRGzsvxw+agj8CIEazqWGOQp2dTYgQhtyVXV9wpO6WyXRQUzLV/JRNumT2w==}

  '@stablelib/random@1.0.2':
    resolution: {integrity: sha512-rIsE83Xpb7clHPVRlBj8qNe5L8ISQOzjghYQm/dZ7VaM2KHYwMW5adjQjrzTZCchFnNCNhkwtnOBa9HTMJCI8w==}

  '@stablelib/sha512@1.0.1':
    resolution: {integrity: sha512-13gl/iawHV9zvDKciLo1fQ8Bgn2Pvf7OV6amaRVKiq3pjQ3UmEpXxWiAfV8tYjUpeZroBxtyrwtdooQT/i3hzw==}

  '@stablelib/wipe@1.0.1':
    resolution: {integrity: sha512-WfqfX/eXGiAd3RJe4VU2snh/ZPwtSjLG4ynQ/vYzvghTh7dHFcI1wl+nrkWG6lGhukOxOsUHfv8dUXr58D0ayg==}

  '@tanglelabs/ssimon@0.8.4':
    resolution: {integrity: sha512-xGjMO5Q29T9uW6KA3qk5PdfVPY9cpK7xkq1QdTYST7clECTbtupcwpZCFe8nkzEnmfxZcC8YWlpiCbKUsu1chw==}

  '@tsconfig/node10@1.0.11':
    resolution: {integrity: sha512-DcRjDCujK/kCk/cUe8Xz8ZSpm8mS3mNNpta+jGCA6USEDfktlNvm1+IuZ9eTcDbNk41BHwpHHeW+N1lKCz4zOw==}

  '@tsconfig/node12@1.0.11':
    resolution: {integrity: sha512-cqefuRsh12pWyGsIoBKJA9luFu3mRxCA+ORZvA4ktLSzIuCUtWVxGIuXigEwO5/ywWFMZ2QEGKWvkZG1zDMTag==}

  '@tsconfig/node14@1.0.3':
    resolution: {integrity: sha512-ysT8mhdixWK6Hw3i1V2AeRqZ5WfXg1G43mqoYlM2nc6388Fq5jcXyr5mRsqViLx/GJYdoL0bfXD8nmF+Zn/Iow==}

  '@tsconfig/node16@1.0.4':
    resolution: {integrity: sha512-vxhUy4J8lyeyinH7Azl1pdd43GJhZH/tP2weN8TntQblOY+A0XbT8DJk1/oCPuOOyg/Ja757rG0CgHcWC8OfMA==}

  '@types/bn.js@5.1.5':
    resolution: {integrity: sha512-V46N0zwKRF5Q00AZ6hWtN0T8gGmDUaUzLWQvHFo5yThtVwK/VCenFY3wXVbOvNfajEpsTfQM4IN9k/d6gUVX3A==}

  '@types/elliptic@6.4.18':
    resolution: {integrity: sha512-UseG6H5vjRiNpQvrhy4VF/JXdA3V/Fp5amvveaL+fs28BZ6xIKJBPnUPRlEaZpysD9MbpfaLi8lbl7PGUAkpWw==}

  '@types/node@20.12.5':
    resolution: {integrity: sha512-BD+BjQ9LS/D8ST9p5uqBxghlN+S42iuNxjsUGjeZobe/ciXzk2qb1B6IXc6AnRLS+yFJRpN2IPEHMzwspfDJNw==}

  acorn-walk@8.3.2:
    resolution: {integrity: sha512-cjkyv4OtNCIeqhHrfS81QWXoCBPExR/J62oyEqepVw8WaQeSqpW2uhuLPh1m9eWhDuOo/jUXVTlifvesOWp/4A==}
    engines: {node: '>=0.4.0'}

  acorn@8.11.3:
    resolution: {integrity: sha512-Y9rRfJG5jcKOE0CLisYbojUjIrIEE7AGMzA/Sm4BslANhbS+cDMpgBdcPT91oJ7OuJ9hYJBx59RjbhxVnrF8Xg==}
    engines: {node: '>=0.4.0'}
    hasBin: true

  ajv-formats@3.0.1:
    resolution: {integrity: sha512-8iUql50EUR+uUcdRQ3HDqa6EVyo3docL8g5WJ3FNcWmu62IbkGUue/pEyLBW8VGKKucTPgqeks4fIU1DA4yowQ==}
    peerDependencies:
      ajv: ^8.0.0
    peerDependenciesMeta:
      ajv:
        optional: true

  ajv@8.17.1:
    resolution: {integrity: sha512-B/gBuNg5SiMTrPkC+A2+cW0RszwxYmn6VYxB/inlBStS5nx6xHIt/ehKRhIMhqusl7a8LjQoZnjCs5vhwxOQ1g==}

  arg@4.1.3:
    resolution: {integrity: sha512-58S9QDqG0Xx27YwPSt9fJxivjYl432YCwfDMfZ+71RAqUrZef7LrKQZ3LHLOwCS4FLNBplP533Zx895SeOCHvA==}

  base64url@3.0.1:
    resolution: {integrity: sha512-ir1UPr3dkwexU7FdV8qBBbNDRUhMmIekYMFZfi+C/sLNnRESKPl23nB9b2pltqfOQNnGzsDdId90AEtG5tCx4A==}
    engines: {node: '>=6.0.0'}

  bigint-mod-arith@3.3.1:
    resolution: {integrity: sha512-pX/cYW3dCa87Jrzv6DAr8ivbbJRzEX5yGhdt8IutnX/PCIXfpx+mabWNK/M8qqh+zQ0J3thftUBHW0ByuUlG0w==}
    engines: {node: '>=10.4.0'}

  bn.js@4.12.0:
    resolution: {integrity: sha512-c98Bf3tPniI+scsdk237ku1Dc3ujXQTSgyiPUDEOe7tRkhrqridvh8klBv0HCEso1OLOYcHuCv/cS6DNxKH+ZA==}

  brorand@1.1.0:
    resolution: {integrity: sha512-cKV8tMCEpQs4hK/ik71d6LrPOnpkpGBR0wzxqr68g2m/LB2GxVYQroAjMJZRVM1Y4BCjCKc3vAamxSzOY2RP+w==}

  canonicalize@2.0.0:
    resolution: {integrity: sha512-ulDEYPv7asdKvqahuAY35c1selLdzDwHqugK92hfkzvlDCwXRRelDkR+Er33md/PtnpqHemgkuDPanZ4fiYZ8w==}

  create-require@1.1.1:
    resolution: {integrity: sha512-dcKFX3jn0MpIaXjisoRvexIJVEKzaq7z2rZKxf+MSr9TkdmHmsU4m2lcLojrj/FHl8mk5VxMmYA+ftRkP/3oKQ==}

  crypto-js@4.2.0:
    resolution: {integrity: sha512-KALDyEYgpY+Rlob/iriUtjV6d5Eq+Y191A5g4UqLAi8CyGP9N1+FdVbkc1SxKc2r4YAYqG8JzO2KGL+AizD70Q==}

  debug@4.3.4:
    resolution: {integrity: sha512-PRWFHuSU3eDtQJPvnNY7Jcket1j0t5OuOsFzPPzsekD52Zl8qUfFIPEiswXqIvHWGVHOgX+7G/vCNNhehwxfkQ==}
    engines: {node: '>=6.0'}
    peerDependencies:
      supports-color: '*'
    peerDependenciesMeta:
      supports-color:
        optional: true

  did-jwt-vc@3.2.15:
    resolution: {integrity: sha512-M/WPiL34CQUiN4bvWnZ0OFHJ3usPtstfQfbNbHAWHvwjeCGi7nAdv62VXHgy2xIhJMc790hH7PsMN3i6SCGEyg==}
    engines: {node: '>=18'}

  did-jwt-vc@4.0.4:
    resolution: {integrity: sha512-O/VSW+pux25+bERGQ1Z+LNv8z8gIy++yL8yjspxNZHCLjdmCelZz3hjuIpHlixhBCFP2YyTOQqGg8QeIMRwN9Q==}
    engines: {node: '>=18'}

  did-jwt@7.4.7:
    resolution: {integrity: sha512-Apz7nIfIHSKWIMaEP5L/K8xkwByvjezjTG0xiqwKdnNj1x8M0+Yasury5Dm/KPltxi2PlGfRPf3IejRKZrT8mQ==}

  did-jwt@8.0.4:
    resolution: {integrity: sha512-KPtG7H+8GgKGMiDqFvOdNy5BBN3hpA+8xV7VygEnpst5oPIqjvcH3rTtnPF55a8bOxIzE2PudKGIXIQhekv7WA==}

  did-resolver@4.1.0:
    resolution: {integrity: sha512-S6fWHvCXkZg2IhS4RcVHxwuyVejPR7c+a4Go0xbQ9ps5kILa8viiYQgrM4gfTyeTjJ0ekgJH9gk/BawTpmkbZA==}

  diff@4.0.2:
    resolution: {integrity: sha512-58lmxKSA4BNyLz+HHMUzlOEpg09FV+ev6ZMe3vJihgdxzgcwZ8VoEEPmALCZG9LmqfVoNMMKpttIYTVG6uDY7A==}
    engines: {node: '>=0.3.1'}

  eckey-utils@0.7.14:
    resolution: {integrity: sha512-s/mENS+mMnJjDSydy0muBQQHMTWJ1nPe8EiphANZrf+lv/1u35aP9WvWHTWqCBJ21blNIurGF7UoLjtaOpoCFw==}

  elliptic@6.5.6:
    resolution: {integrity: sha512-mpzdtpeCLuS3BmE3pO3Cpp5bbjlOPY2Q0PgoF+Od1XZrHLYI28Xe3ossCmYCQt11FQKEYd9+PF8jymTvtWJSHQ==}

  fast-deep-equal@3.1.3:
    resolution: {integrity: sha512-f3qQ9oQy9j2AhBe/H9VC91wLmKBCCU/gDOnKNAYG5hswO7BLKj09Hc5HYNz9cGI++xlpDCIgDaitVs03ATR84Q==}

  fast-uri@3.0.3:
    resolution: {integrity: sha512-aLrHthzCjH5He4Z2H9YZ+v6Ujb9ocRuW6ZzkJQOrTxleEijANq4v1TsaPaVG1PZcuurEzrLcWRyYBYXD5cEiaw==}

  fix-esm-import-path@1.5.0:
    resolution: {integrity: sha512-GZRlEDW2rRfz1bQrEMrGhkEfnkfgH1ryBYV2WJGDFhj7KH3C7iwUWuja3Q+tO4ungBmufLHPPGI3VINCqgQDdw==}
    hasBin: true

  hash.js@1.1.7:
    resolution: {integrity: sha512-taOaskGt4z4SOANNseOviYDvjEJinIkRgmp7LbKP2YTTmVxWBl87s/uzK9r+44BclBSp2X7K1hqeNfz9JbBeXA==}

  hmac-drbg@1.0.1:
    resolution: {integrity: sha512-Tti3gMqLdZfhOQY1Mzf/AanLiqh1WTiJgEj26ZuYQ9fbkLomzGchCws4FyrSd4VkpBfiNhaE1On+lOz894jvXg==}

  inherits@2.0.4:
    resolution: {integrity: sha512-k/vGaX4/Yla3WzyMCvTQOXYeIHvqOKtnqBduzTHpzpQZzAskKMhZ2K+EnBiSM9zGSoIFeMpXKxa4dYeZIQqewQ==}

  jose@5.6.3:
    resolution: {integrity: sha512-1Jh//hEEwMhNYPDDLwXHa2ePWgWiFNNUadVmguAAw2IJ6sj9mNxV5tGXJNqlMkJAybF6Lgw1mISDxTePP/187g==}

  js-base64@3.7.7:
    resolution: {integrity: sha512-7rCnleh0z2CkXhH67J8K1Ytz0b2Y+yxTPL+/KOJoa20hfnVQ/3/T6W/KflYI4bRHRagNeXeU2bkNGI3v1oS/lw==}

  json-schema-traverse@1.0.0:
    resolution: {integrity: sha512-NM8/P9n3XjXhIZn1lLhkFaACTOURQXjWhV4BA/RnOv8xvgqtqpAX9IO4mRQxSx1Rlo4tqzeqb0sOlruaOy3dug==}

  jsonschema@1.4.1:
    resolution: {integrity: sha512-S6cATIPVv1z0IlxdN+zUk5EPjkGCdnhN4wVSBlvoUO1tOLJootbo9CquNJmbIh4yikWHiUedhRYrNPn1arpEmQ==}

  jwt-decode@3.1.2:
    resolution: {integrity: sha512-UfpWE/VZn0iP50d8cz9NrZLM9lSWhcJ+0Gt/nm4by88UL+J1SiKN8/5dkjMmbEzwL2CAe+67GsegCbIKtbp75A==}

  key-did-resolver@3.0.0:
    resolution: {integrity: sha512-IyEq64AdS6lUwtn3YSvGpu7KAGA2x5+fjRCUIa8+ccSLmWrODV/ICM5aa6hHV/19EPWef8/e322r9sQJJ6/3qA==}
    engines: {node: '>=14.14'}

  key-did-resolver@4.0.0:
    resolution: {integrity: sha512-+U2nd/0rjO4Yqe2hnHBD7ygcLRfT43Oje9IIjv1BlBi0lopwxZpIFQ7GekguOHK02r+JGdl8mpJVNHs5lvXVOA==}
    engines: {node: '>=14.14'}

  make-error@1.3.6:
    resolution: {integrity: sha512-s8UhlNe7vPKomQhC1qFelMokr/Sc3AgNbso3n74mVPA5LTZwkB9NlXf4XPamLxJE8h0gh73rM94xvwRT2CVInw==}

  minimalistic-assert@1.0.1:
    resolution: {integrity: sha512-UtJcAD4yEaGtjPezWuO9wC4nwUnVH/8/Im3yEHQP4b67cXlD/Qr9hdITCU1xDbSEXg2XKNaP8jsReV7vQd00/A==}

  minimalistic-crypto-utils@1.0.1:
    resolution: {integrity: sha512-JIYlbt6g8i5jKfJ3xz7rF0LXmv2TkDxBLUkiBeZ7bAx4GnnNMr8xFpGnOxn6GhTEHx3SjRrZEoU+j04prX1ktg==}

  ms@2.1.2:
    resolution: {integrity: sha512-sGkPx+VjMtmA6MX27oA4FBFELFCZZ4S4XqeGOXCv68tT+jb3vk/RyaKWP0PTKyWtmLSM0b+adUTEvbs1PEaH2w==}

  multibase@4.0.6:
    resolution: {integrity: sha512-x23pDe5+svdLz/k5JPGCVdfn7Q5mZVMBETiC+ORfO+sor9Sgs0smJzAjfTbM5tckeCqnaUuMYoz+k3RXMmJClQ==}
    engines: {node: '>=12.0.0', npm: '>=6.0.0'}
    deprecated: This module has been superseded by the multiformats module

  multiformats@11.0.2:
    resolution: {integrity: sha512-b5mYMkOkARIuVZCpvijFj9a6m5wMVLC7cf/jIPd5D/ARDOfLC5+IFkbgDXQgcU2goIsTD/O9NY4DI/Mt4OGvlg==}
    engines: {node: '>=16.0.0', npm: '>=7.0.0'}

  multiformats@12.1.3:
    resolution: {integrity: sha512-eajQ/ZH7qXZQR2AgtfpmSMizQzmyYVmCql7pdhldPuYQi4atACekbJaQplk6dWyIi10jCaFnd6pqvcEFXjbaJw==}
    engines: {node: '>=16.0.0', npm: '>=7.0.0'}

  multiformats@13.3.2:
    resolution: {integrity: sha512-qbB0CQDt3QKfiAzZ5ZYjLFOs+zW43vA4uyM8g27PeEuXZybUOFyjrVdP93HPBHMoglibwfkdVwbzfUq8qGcH6g==}

  multiformats@9.9.0:
    resolution: {integrity: sha512-HoMUjhH9T8DDBNT+6xzkrd9ga/XiBI4xLr58LJACwK6G3HTOPeMz4nB4KJs33L2BelrIJa7P0VuNaVF3hMYfjg==}

  nist-weierstrauss@1.6.1:
    resolution: {integrity: sha512-FpjCOnPV/s3ZVIkeldCVSml2K4lruabPbBgoEitpCK1JL0KTVoWb56CFTU6rZn5i6VqAjdwcOp0FDwJACPmeFA==}

  pako@2.1.0:
    resolution: {integrity: sha512-w+eufiZ1WuJYgPXbV/PO3NCMEc3xqylkKHzp8bxp1uW4qaSNQUkwmLLEc3kKsfz8lpV1F8Ht3U1Cm+9Srog2ug==}

  pg-cloudflare@1.1.1:
    resolution: {integrity: sha512-xWPagP/4B6BgFO+EKz3JONXv3YDgvkbVrGw2mTo3D6tVDQRh1e7cqVGvyR3BE+eQgAvx1XhW/iEASj4/jCWl3Q==}

  pg-connection-string@2.6.4:
    resolution: {integrity: sha512-v+Z7W/0EO707aNMaAEfiGnGL9sxxumwLl2fJvCQtMn9Fxsg+lPpPkdcyBSv/KFgpGdYkMfn+EI1Or2EHjpgLCA==}

  pg-int8@1.0.1:
    resolution: {integrity: sha512-WCtabS6t3c8SkpDBUlb1kjOs7l66xsGdKpIPZsg4wR+B3+u9UAum2odSsF9tnvxg80h4ZxLWMy4pRjOsFIqQpw==}
    engines: {node: '>=4.0.0'}

  pg-pool@3.6.2:
    resolution: {integrity: sha512-Htjbg8BlwXqSBQ9V8Vjtc+vzf/6fVUuak/3/XXKA9oxZprwW3IMDQTGHP+KDmVL7rtd+R1QjbnCFPuTHm3G4hg==}
    peerDependencies:
      pg: '>=8.0'

  pg-protocol@1.6.1:
    resolution: {integrity: sha512-jPIlvgoD63hrEuihvIg+tJhoGjUsLPn6poJY9N5CnlPd91c2T18T/9zBtLxZSb1EhYxBRoZJtzScCaWlYLtktg==}

  pg-types@2.2.0:
    resolution: {integrity: sha512-qTAAlrEsl8s4OiEQY69wDvcMIdQN6wdz5ojQiOy6YRMuynxenON0O5oCpJI6lshc6scgAY8qvJ2On/p+CXY0GA==}
    engines: {node: '>=4'}

  pg@8.12.0:
    resolution: {integrity: sha512-A+LHUSnwnxrnL/tZ+OLfqR1SxLN3c/pgDztZ47Rpbsd4jUytsTtwQo/TLPRzPJMp/1pbhYVhH9cuSZLAajNfjQ==}
    engines: {node: '>= 8.0.0'}
    peerDependencies:
      pg-native: '>=3.0.1'
    peerDependenciesMeta:
      pg-native:
        optional: true

  pgpass@1.0.5:
    resolution: {integrity: sha512-FdW9r/jQZhSeohs1Z3sI1yxFQNFvMcnmfuj4WBMUTxOrAyLMaTcE1aAMBiTlbMNaXvBCQuVi0R7hd8udDSP7ug==}

  postgres-array@2.0.0:
    resolution: {integrity: sha512-VpZrUqU5A69eQyW2c5CA1jtLecCsN2U/bD6VilrFDWq5+5UIEVO7nazS3TEcHf1zuPYO/sqGvUvW62g86RXZuA==}
    engines: {node: '>=4'}

  postgres-bytea@1.0.0:
    resolution: {integrity: sha512-xy3pmLuQqRBZBXDULy7KbaitYqLcmxigw14Q5sj8QBVLqEwXfeybIKVWiqAXTlcvdvb0+xkOtDbfQMOf4lST1w==}
    engines: {node: '>=0.10.0'}

  postgres-date@1.0.7:
    resolution: {integrity: sha512-suDmjLVQg78nMK2UZ454hAG+OAW+HQPZ6n++TNDUX+L0+uUlLywnoxJKDou51Zm+zTCjrCl0Nq6J9C5hP9vK/Q==}
    engines: {node: '>=0.10.0'}

  postgres-interval@1.2.0:
    resolution: {integrity: sha512-9ZhXKM/rw350N1ovuWHbGxnGh/SNJ4cnxHiM0rxE4VN41wsg8P8zWn9hv/buK00RP4WvlOyr/RBDiptyxVbkZQ==}
    engines: {node: '>=0.10.0'}

  require-from-string@2.0.2:
    resolution: {integrity: sha512-Xf0nWe6RseziFMu+Ap9biiUbmplq6S9/p+7w7YXP/JBHhrUDDUhwa+vANyubuqfZWTveU//DYVGsDG7RKL/vEw==}
    engines: {node: '>=0.10.0'}

  split2@4.2.0:
    resolution: {integrity: sha512-UcjcJOWknrNkF6PLX83qcHM6KHgVKNkV62Y8a5uYDVv9ydGQVwAHMKqHdJje1VTWpljG0WYpCDhrCdAOYH4TWg==}
    engines: {node: '>= 10.x'}

  ts-node@10.9.2:
    resolution: {integrity: sha512-f0FFpIdcHgn8zcPSbf1dRevwt047YMnaiJM3u2w2RewrB+fob/zePZcrOyQoLMMO7aBIddLcQIEK5dYjkLnGrQ==}
    hasBin: true
    peerDependencies:
      '@swc/core': '>=1.2.50'
      '@swc/wasm': '>=1.2.50'
      '@types/node': '*'
      typescript: '>=2.7'
    peerDependenciesMeta:
      '@swc/core':
        optional: true
      '@swc/wasm':
        optional: true

  typescript@5.4.4:
    resolution: {integrity: sha512-dGE2Vv8cpVvw28v8HCPqyb08EzbBURxDpuhJvTrusShUfGnhHBafDsLdS1EhhxyL6BJQE+2cT3dDPAv+MQ6oLw==}
    engines: {node: '>=14.17'}
    hasBin: true

  uint8arrays@2.1.10:
    resolution: {integrity: sha512-Q9/hhJa2836nQfEJSZTmr+pg9+cDJS9XEAp7N2Vg5MzL3bK/mkMVfjscRGYruP9jNda6MAdf4QD/y78gSzkp6A==}

  uint8arrays@3.1.1:
    resolution: {integrity: sha512-+QJa8QRnbdXVpHYjLoTpJIdCTiw9Ir62nocClWuXIq2JIh4Uta0cQsTSpFL678p2CN8B+XSApwcU+pQEqVpKWg==}

  uint8arrays@4.0.10:
    resolution: {integrity: sha512-AnJNUGGDJAgFw/eWu/Xb9zrVKEGlwJJCaeInlf3BkecE/zcTobk5YXYIPNQJO1q5Hh1QZrQQHf0JvcHqz2hqoA==}

  uint8arrays@5.1.0:
    resolution: {integrity: sha512-vA6nFepEmlSKkMBnLBaUMVvAC4G3CTmO58C12y4sq6WPDOR7mOFYOi7GlrQ4djeSbP6JG9Pv9tJDM97PedRSww==}

  undici-types@5.26.5:
    resolution: {integrity: sha512-JlCMO+ehdEIKqlFxk6IfVoAUVmgz7cU7zD/h9XZ0qzeosSHmUJVOzSQvvYSYWXkFXC+IfLKSIffhv0sVZup6pA==}

  v8-compile-cache-lib@3.0.1:
    resolution: {integrity: sha512-wa7YjyUGfNZngI/vtK0UHAN+lgDCxBPCylVXGp0zu59Fz5aiGtNXaq3DhIov063MorB+VfufLh3JlF2KdTK3xg==}

  varint@6.0.0:
    resolution: {integrity: sha512-cXEIW6cfr15lFv563k4GuVuW/fiwjknytD37jIOLSdSWuOI6WnO/oKwmP2FQTU2l01LP8/M5TSAJpzUaGe3uWg==}

  xtend@4.0.2:
    resolution: {integrity: sha512-LKYU1iAXJXUgAXn9URjiu+MWhyUXHsvfp7mcuYm9dSUKK0/CjtrUwFAxD82/mCWbtLsGjFIad0wIsod4zrTAEQ==}
    engines: {node: '>=0.4'}

  yn@3.1.1:
    resolution: {integrity: sha512-Ux4ygGWsu2c7isFWe8Yu1YluJmqVhxqK2cLXNQA5AcC3QfbGNpM7fu0Y8b/z16pXLnFxZYvWhd3fhBY9DLmC6Q==}
    engines: {node: '>=6'}

snapshots:

  '@cspotcode/source-map-support@0.8.1':
    dependencies:
      '@jridgewell/trace-mapping': 0.3.9

  '@jridgewell/resolve-uri@3.1.2': {}

  '@jridgewell/sourcemap-codec@1.4.15': {}

  '@jridgewell/trace-mapping@0.3.9':
    dependencies:
      '@jridgewell/resolve-uri': 3.1.2
      '@jridgewell/sourcemap-codec': 1.4.15

  '@multiformats/base-x@4.0.1': {}

  '@noble/ciphers@0.4.1': {}

  '@noble/ciphers@0.5.3': {}

  '@noble/curves@1.4.0':
    dependencies:
      '@noble/hashes': 1.4.0

  '@noble/hashes@1.4.0': {}

  '@scure/base@1.1.6': {}

  '@sd-jwt/core@0.9.1':
    dependencies:
      '@sd-jwt/decode': 0.9.1
      '@sd-jwt/present': 0.9.1
      '@sd-jwt/types': 0.9.1
      '@sd-jwt/utils': 0.9.1

  '@sd-jwt/crypto-nodejs@0.9.1': {}

  '@sd-jwt/decode@0.9.1':
    dependencies:
      '@sd-jwt/types': 0.9.1
      '@sd-jwt/utils': 0.9.1

  '@sd-jwt/jwt-status-list@0.9.1':
    dependencies:
      '@sd-jwt/types': 0.9.1
      base64url: 3.0.1
      pako: 2.1.0

  '@sd-jwt/present@0.9.1':
    dependencies:
      '@sd-jwt/decode': 0.9.1
      '@sd-jwt/types': 0.9.1
      '@sd-jwt/utils': 0.9.1

  '@sd-jwt/sd-jwt-vc@0.9.1':
    dependencies:
      '@sd-jwt/core': 0.9.1
      '@sd-jwt/jwt-status-list': 0.9.1
      '@sd-jwt/utils': 0.9.1
      ajv: 8.17.1
      ajv-formats: 3.0.1(ajv@8.17.1)

  '@sd-jwt/types@0.9.1': {}

  '@sd-jwt/utils@0.9.1':
    dependencies:
      '@sd-jwt/types': 0.9.1
      js-base64: 3.7.7

  '@sphereon/did-resolver-jwk@0.10.2-unstable.5':
    dependencies:
      '@sphereon/ssi-types': 0.9.0
      base64url: 3.0.1
      debug: 4.3.4
      did-resolver: 4.1.0
      uint8arrays: 3.1.1
    transitivePeerDependencies:
      - supports-color

  '@sphereon/ssi-types@0.9.0':
    dependencies:
      jwt-decode: 3.1.2

  '@stablelib/binary@1.0.1':
    dependencies:
      '@stablelib/int': 1.0.1

  '@stablelib/ed25519@1.0.3':
    dependencies:
      '@stablelib/random': 1.0.2
      '@stablelib/sha512': 1.0.1
      '@stablelib/wipe': 1.0.1

  '@stablelib/hash@1.0.1': {}

  '@stablelib/int@1.0.1': {}

  '@stablelib/random@1.0.2':
    dependencies:
      '@stablelib/binary': 1.0.1
      '@stablelib/wipe': 1.0.1

  '@stablelib/sha512@1.0.1':
    dependencies:
      '@stablelib/binary': 1.0.1
      '@stablelib/hash': 1.0.1
      '@stablelib/wipe': 1.0.1

  '@stablelib/wipe@1.0.1': {}

  '@tanglelabs/ssimon@0.8.4':
    dependencies:
      '@sd-jwt/crypto-nodejs': 0.9.1
      '@sd-jwt/sd-jwt-vc': 0.9.1
      '@sd-jwt/types': 0.9.1
      '@sphereon/did-resolver-jwk': 0.10.2-unstable.5
      crypto-js: 4.2.0
      did-jwt: 8.0.4
      did-jwt-vc: 4.0.4
      did-resolver: 4.1.0
      jsonschema: 1.4.1
      key-did-resolver: 4.0.0
    transitivePeerDependencies:
      - supports-color

  '@tsconfig/node10@1.0.11': {}

  '@tsconfig/node12@1.0.11': {}

  '@tsconfig/node14@1.0.3': {}

  '@tsconfig/node16@1.0.4': {}

  '@types/bn.js@5.1.5':
    dependencies:
      '@types/node': 20.12.5

  '@types/elliptic@6.4.18':
    dependencies:
      '@types/bn.js': 5.1.5

  '@types/node@20.12.5':
    dependencies:
      undici-types: 5.26.5

  acorn-walk@8.3.2: {}

  acorn@8.11.3: {}

  ajv-formats@3.0.1(ajv@8.17.1):
    optionalDependencies:
      ajv: 8.17.1

  ajv@8.17.1:
    dependencies:
      fast-deep-equal: 3.1.3
      fast-uri: 3.0.3
      json-schema-traverse: 1.0.0
      require-from-string: 2.0.2

  arg@4.1.3: {}

  base64url@3.0.1: {}

  bigint-mod-arith@3.3.1: {}

  bn.js@4.12.0: {}

  brorand@1.1.0: {}

  canonicalize@2.0.0: {}

  create-require@1.1.1: {}

  crypto-js@4.2.0: {}

  debug@4.3.4:
    dependencies:
      ms: 2.1.2

  did-jwt-vc@3.2.15:
    dependencies:
      did-jwt: 7.4.7
      did-resolver: 4.1.0

  did-jwt-vc@4.0.4:
    dependencies:
      did-jwt: 8.0.4
      did-resolver: 4.1.0

  did-jwt@7.4.7:
    dependencies:
      '@noble/ciphers': 0.4.1
      '@noble/curves': 1.4.0
      '@noble/hashes': 1.4.0
      '@scure/base': 1.1.6
      canonicalize: 2.0.0
      did-resolver: 4.1.0
      multibase: 4.0.6
      multiformats: 9.9.0
      uint8arrays: 3.1.1

  did-jwt@8.0.4:
    dependencies:
      '@noble/ciphers': 0.5.3
      '@noble/curves': 1.4.0
      '@noble/hashes': 1.4.0
      '@scure/base': 1.1.6
      canonicalize: 2.0.0
      did-resolver: 4.1.0
      multibase: 4.0.6
      multiformats: 9.9.0
      uint8arrays: 3.1.1

  did-resolver@4.1.0: {}

  diff@4.0.2: {}

  eckey-utils@0.7.14: {}

  elliptic@6.5.6:
    dependencies:
      bn.js: 4.12.0
      brorand: 1.1.0
      hash.js: 1.1.7
      hmac-drbg: 1.0.1
      inherits: 2.0.4
      minimalistic-assert: 1.0.1
      minimalistic-crypto-utils: 1.0.1

  fast-deep-equal@3.1.3: {}

  fast-uri@3.0.3: {}

  fix-esm-import-path@1.5.0:
    dependencies:
      debug: 4.3.4
    transitivePeerDependencies:
      - supports-color

  hash.js@1.1.7:
    dependencies:
      inherits: 2.0.4
      minimalistic-assert: 1.0.1

  hmac-drbg@1.0.1:
    dependencies:
      hash.js: 1.1.7
      minimalistic-assert: 1.0.1
      minimalistic-crypto-utils: 1.0.1

  inherits@2.0.4: {}

  jose@5.6.3: {}

  js-base64@3.7.7: {}

  json-schema-traverse@1.0.0: {}

  jsonschema@1.4.1: {}

  jwt-decode@3.1.2: {}

  key-did-resolver@3.0.0:
    dependencies:
      '@stablelib/ed25519': 1.0.3
      bigint-mod-arith: 3.3.1
      multiformats: 11.0.2
      nist-weierstrauss: 1.6.1
      uint8arrays: 4.0.10
      varint: 6.0.0

  key-did-resolver@4.0.0:
    dependencies:
      '@noble/curves': 1.4.0
      multiformats: 13.3.2
      uint8arrays: 5.1.0
      varint: 6.0.0

  make-error@1.3.6: {}

  minimalistic-assert@1.0.1: {}

  minimalistic-crypto-utils@1.0.1: {}

  ms@2.1.2: {}

  multibase@4.0.6:
    dependencies:
      '@multiformats/base-x': 4.0.1

  multiformats@11.0.2: {}

  multiformats@12.1.3: {}

  multiformats@13.3.2: {}

  multiformats@9.9.0: {}

  nist-weierstrauss@1.6.1:
    dependencies:
      multiformats: 9.9.0
      uint8arrays: 2.1.10

  pako@2.1.0: {}

  pg-cloudflare@1.1.1:
    optional: true

  pg-connection-string@2.6.4: {}

  pg-int8@1.0.1: {}

  pg-pool@3.6.2(pg@8.12.0):
    dependencies:
      pg: 8.12.0

  pg-protocol@1.6.1: {}

  pg-types@2.2.0:
    dependencies:
      pg-int8: 1.0.1
      postgres-array: 2.0.0
      postgres-bytea: 1.0.0
      postgres-date: 1.0.7
      postgres-interval: 1.2.0

  pg@8.12.0:
    dependencies:
      pg-connection-string: 2.6.4
      pg-pool: 3.6.2(pg@8.12.0)
      pg-protocol: 1.6.1
      pg-types: 2.2.0
      pgpass: 1.0.5
    optionalDependencies:
      pg-cloudflare: 1.1.1

  pgpass@1.0.5:
    dependencies:
      split2: 4.2.0

  postgres-array@2.0.0: {}

  postgres-bytea@1.0.0: {}

  postgres-date@1.0.7: {}

  postgres-interval@1.2.0:
    dependencies:
      xtend: 4.0.2

  require-from-string@2.0.2: {}

  split2@4.2.0: {}

  ts-node@10.9.2(@types/node@20.12.5)(typescript@5.4.4):
    dependencies:
      '@cspotcode/source-map-support': 0.8.1
      '@tsconfig/node10': 1.0.11
      '@tsconfig/node12': 1.0.11
      '@tsconfig/node14': 1.0.3
      '@tsconfig/node16': 1.0.4
      '@types/node': 20.12.5
      acorn: 8.11.3
      acorn-walk: 8.3.2
      arg: 4.1.3
      create-require: 1.1.1
      diff: 4.0.2
      make-error: 1.3.6
      typescript: 5.4.4
      v8-compile-cache-lib: 3.0.1
      yn: 3.1.1

  typescript@5.4.4: {}

  uint8arrays@2.1.10:
    dependencies:
      multiformats: 9.9.0

  uint8arrays@3.1.1:
    dependencies:
      multiformats: 9.9.0

  uint8arrays@4.0.10:
    dependencies:
      multiformats: 12.1.3

  uint8arrays@5.1.0:
    dependencies:
      multiformats: 13.3.2

  undici-types@5.26.5: {}

  v8-compile-cache-lib@3.0.1: {}

  varint@6.0.0: {}

  xtend@4.0.2: {}

  yn@3.1.1: {}
